
Microsoft Visual Studio Solution File, Format Version 12.00
# Visual Studio 14
VisualStudioVersion = 14.0.25420.1
MinimumVisualStudioVersion = 10.0.40219.1
Project("{9092AA53-FB77-4645-B42D-1CCCA6BD08BD}") = "ReallWeb", "ReallWeb.njsproj", "{0B636C18-0786-42D7-8EE7-955DD2AA2947}"
EndProject
Global
	GlobalSection(SolutionConfigurationPlatforms) = preSolution
		Debug|Any CPU = Debug|Any CPU
		Release|Any CPU = Release|Any CPU
	EndGlobalSection
	GlobalSection(ProjectConfigurationPlatforms) = postSolution
		{0B636C18-0786-42D7-8EE7-955DD2AA2947}.Debug|Any CPU.ActiveCfg = Debug|Any CPU
		{0B636C18-0786-42D7-8EE7-955DD2AA2947}.Debug|Any CPU.Build.0 = Debug|Any CPU
		{0B636C18-0786-42D7-8EE7-955DD2AA2947}.Release|Any CPU.ActiveCfg = Release|Any CPU
		{0B636C18-0786-42D7-8EE7-955DD2AA2947}.Release|Any CPU.Build.0 = Release|Any CPU
	EndGlobalSection
	GlobalSection(SolutionProperties) = preSolution
		HideSolutionNode = FALSE
	EndGlobalSection
EndGlobal
